
Microsoft Visual Studio Solution File, Format Version 12.00
# Visual Studio Version 17
VisualStudioVersion = 17.14.36811.4 d17.14
MinimumVisualStudioVersion = 10.0.40219.1
Project("{FAE04EC0-301F-11D3-BF4B-00C04F79EFBC}") = "revisaoPOO", "revisaoPOO.csproj", "{35A4AB53-A340-4122-AB70-72A59999A484}"
EndProject
Global
	GlobalSection(SolutionConfigurationPlatforms) = preSolution
		Debug|Any CPU = Debug|Any CPU
		Release|Any CPU = Release|Any CPU
	EndGlobalSection
	GlobalSection(ProjectConfigurationPlatforms) = postSolution
		{35A4AB53-A340-4122-AB70-72A59999A484}.Debug|Any CPU.ActiveCfg = Debug|Any CPU
		{35A4AB53-A340-4122-AB70-72A59999A484}.Debug|Any CPU.Build.0 = Debug|Any CPU
		{35A4AB53-A340-4122-AB70-72A59999A484}.Release|Any CPU.ActiveCfg = Release|Any CPU
		{35A4AB53-A340-4122-AB70-72A59999A484}.Release|Any CPU.Build.0 = Release|Any CPU
	EndGlobalSection
	GlobalSection(SolutionProperties) = preSolution
		HideSolutionNode = FALSE
	EndGlobalSection
	GlobalSection(ExtensibilityGlobals) = postSolution
		SolutionGuid = {61F42A25-4A74-41D0-BE4D-0E70C25034D4}
	EndGlobalSection
EndGlobal
